
Microsoft Visual Studio Solution File, Format Version 12.00
# Visual Studio Version 17
VisualStudioVersion = 17.3.32825.248
MinimumVisualStudioVersion = 10.0.40219.1
Project("{FAE04EC0-301F-11D3-BF4B-00C04F79EFBC}") = "KillsultManager", "KillsultManager\KillsultManager.csproj", "{7F00631E-2AB8-423B-A403-18835054C27E}"
EndProject
Global
	GlobalSection(SolutionConfigurationPlatforms) = preSolution
		Debug|Any CPU = Debug|Any CPU
		Release|Any CPU = Release|Any CPU
	EndGlobalSection
	GlobalSection(ProjectConfigurationPlatforms) = postSolution
		{7F00631E-2AB8-423B-A403-18835054C27E}.Debug|Any CPU.ActiveCfg = Debug|Any CPU
		{7F00631E-2AB8-423B-A403-18835054C27E}.Debug|Any CPU.Build.0 = Debug|Any CPU
		{7F00631E-2AB8-423B-A403-18835054C27E}.Release|Any CPU.ActiveCfg = Release|Any CPU
		{7F00631E-2AB8-423B-A403-18835054C27E}.Release|Any CPU.Build.0 = Release|Any CPU
	EndGlobalSection
	GlobalSection(SolutionProperties) = preSolution
		HideSolutionNode = FALSE
	EndGlobalSection
	GlobalSection(ExtensibilityGlobals) = postSolution
		SolutionGuid = {F835E918-CE57-4E16-A668-9559B94DFF84}
	EndGlobalSection
EndGlobal
